
Microsoft Visual Studio Solution File, Format Version 12.00
# Visual Studio Version 17
VisualStudioVersion = 17.9.34902.65
MinimumVisualStudioVersion = 10.0.40219.1
Project("{FAE04EC0-301F-11D3-BF4B-00C04F79EFBC}") = "OrangeHRm", "OrangeHRm\OrangeHRm.csproj", "{DA571D82-08B1-4107-B8A1-F0888FBDEB3F}"
EndProject
Global
	GlobalSection(SolutionConfigurationPlatforms) = preSolution
		Debug|Any CPU = Debug|Any CPU
		Release|Any CPU = Release|Any CPU
	EndGlobalSection
	GlobalSection(ProjectConfigurationPlatforms) = postSolution
		{DA571D82-08B1-4107-B8A1-F0888FBDEB3F}.Debug|Any CPU.ActiveCfg = Debug|Any CPU
		{DA571D82-08B1-4107-B8A1-F0888FBDEB3F}.Debug|Any CPU.Build.0 = Debug|Any CPU
		{DA571D82-08B1-4107-B8A1-F0888FBDEB3F}.Release|Any CPU.ActiveCfg = Release|Any CPU
		{DA571D82-08B1-4107-B8A1-F0888FBDEB3F}.Release|Any CPU.Build.0 = Release|Any CPU
	EndGlobalSection
	GlobalSection(SolutionProperties) = preSolution
		HideSolutionNode = FALSE
	EndGlobalSection
	GlobalSection(ExtensibilityGlobals) = postSolution
		SolutionGuid = {A045CE80-B277-4AB3-B967-C0495F7A6DFF}
	EndGlobalSection
EndGlobal
